// !$*UTF8*$!
{
	archiveVersion = 1;
	classes = {
	};
	objectVersion = 55;
	objects = {

/* Begin PBXBuildFile section */
		043B2E1C2923E164006D0C1B /* MMPUtilities.swift in Sources */ = {isa = PBXBuildFile; fileRef = 043B2E1B2923E164006D0C1B /* MMPUtilities.swift */; };
		180B55D328F73A820087898D /* MMPProfileVC.swift in Sources */ = {isa = PBXBuildFile; fileRef = 180B55D228F73A820087898D /* MMPProfileVC.swift */; };
		180B55D528F740E90087898D /* MMPAlertVC.swift in Sources */ = {isa = PBXBuildFile; fileRef = 180B55D428F740E90087898D /* MMPAlertVC.swift */; };
		180B55D728F747A10087898D /* MMPAlertVC+UI.swift in Sources */ = {isa = PBXBuildFile; fileRef = 180B55D628F747A10087898D /* MMPAlertVC+UI.swift */; };
		180B55D928F748CE0087898D /* MMPBaseVC.swift in Sources */ = {isa = PBXBuildFile; fileRef = 180B55D828F748CE0087898D /* MMPBaseVC.swift */; };
		180BAC2628EB2D340076F4B4 /* AppDelegate.swift in Sources */ = {isa = PBXBuildFile; fileRef = 180BAC2528EB2D340076F4B4 /* AppDelegate.swift */; };
		180BAC2828EB2D340076F4B4 /* SceneDelegate.swift in Sources */ = {isa = PBXBuildFile; fileRef = 180BAC2728EB2D340076F4B4 /* SceneDelegate.swift */; };
		180BAC2D28EB2D340076F4B4 /* Main.storyboard in Resources */ = {isa = PBXBuildFile; fileRef = 180BAC2B28EB2D340076F4B4 /* Main.storyboard */; };
		180BAC2F28EB2D360076F4B4 /* Assets.xcassets in Resources */ = {isa = PBXBuildFile; fileRef = 180BAC2E28EB2D360076F4B4 /* Assets.xcassets */; };
		180BAC3228EB2D360076F4B4 /* LaunchScreen.storyboard in Resources */ = {isa = PBXBuildFile; fileRef = 180BAC3028EB2D360076F4B4 /* LaunchScreen.storyboard */; };
		180BAC3D28EB2D360076F4B4 /* MasterMyProjectTests.swift in Sources */ = {isa = PBXBuildFile; fileRef = 180BAC3C28EB2D360076F4B4 /* MasterMyProjectTests.swift */; };
		180BAC4728EB2D360076F4B4 /* MasterMyProjectUITests.swift in Sources */ = {isa = PBXBuildFile; fileRef = 180BAC4628EB2D360076F4B4 /* MasterMyProjectUITests.swift */; };
		180BAC4928EB2D360076F4B4 /* MasterMyProjectUITestsLaunchTests.swift in Sources */ = {isa = PBXBuildFile; fileRef = 180BAC4828EB2D360076F4B4 /* MasterMyProjectUITestsLaunchTests.swift */; };
		18363AB828FEFB6700BEF58B /* MMPTruckPrestartOneVC.swift in Sources */ = {isa = PBXBuildFile; fileRef = 18363AB728FEFB6700BEF58B /* MMPTruckPrestartOneVC.swift */; };
		18363ABA28FEFB7400BEF58B /* MMPTruckPrestartTwoVC.swift in Sources */ = {isa = PBXBuildFile; fileRef = 18363AB928FEFB7400BEF58B /* MMPTruckPrestartTwoVC.swift */; };
		18363ABC28FEFB8300BEF58B /* MMPTruckPrestartThreeVC.swift in Sources */ = {isa = PBXBuildFile; fileRef = 18363ABB28FEFB8300BEF58B /* MMPTruckPrestartThreeVC.swift */; };
		18377D2628F88A5C00D293EE /* MMPSignOutAlertVC.swift in Sources */ = {isa = PBXBuildFile; fileRef = 18377D2528F88A5C00D293EE /* MMPSignOutAlertVC.swift */; };
		18377D2828F88AC100D293EE /* MMPDocketVC.swift in Sources */ = {isa = PBXBuildFile; fileRef = 18377D2728F88AC100D293EE /* MMPDocketVC.swift */; };
		184B7F8128FD97E100430CFA /* MMPDocketTwoVC.swift in Sources */ = {isa = PBXBuildFile; fileRef = 184B7F8028FD97E100430CFA /* MMPDocketTwoVC.swift */; };
		1868D09228ED948F002751E2 /* MMPSignInVC.swift in Sources */ = {isa = PBXBuildFile; fileRef = 1868D09128ED948F002751E2 /* MMPSignInVC.swift */; };
		1868D09428ED94E4002751E2 /* MMPSignInVC+UI.swift in Sources */ = {isa = PBXBuildFile; fileRef = 1868D09328ED94E4002751E2 /* MMPSignInVC+UI.swift */; };
		1868D09628ED95F6002751E2 /* MMPDashbordVC.swift in Sources */ = {isa = PBXBuildFile; fileRef = 1868D09528ED95F6002751E2 /* MMPDashbordVC.swift */; };
		18BFAC0B28FDD27D00A98475 /* MMPTruckAlertVC.swift in Sources */ = {isa = PBXBuildFile; fileRef = 18BFAC0A28FDD27D00A98475 /* MMPTruckAlertVC.swift */; };
		18BFAC0E28FDD8BE00A98475 /* MMPPrestartOneVC.swift in Sources */ = {isa = PBXBuildFile; fileRef = 18BFAC0D28FDD8BE00A98475 /* MMPPrestartOneVC.swift */; };
		18BFAC1028FDDD0900A98475 /* MMPPrestartTwoVC.swift in Sources */ = {isa = PBXBuildFile; fileRef = 18BFAC0F28FDDD0900A98475 /* MMPPrestartTwoVC.swift */; };
		18BFAC1228FDDD1400A98475 /* MMPPrestartThreeVC.swift in Sources */ = {isa = PBXBuildFile; fileRef = 18BFAC1128FDDD1400A98475 /* MMPPrestartThreeVC.swift */; };
		18D6A23628F5A6D900A51A17 /* MMPDashbordVC+UI.swift in Sources */ = {isa = PBXBuildFile; fileRef = 18D6A23528F5A6D900A51A17 /* MMPDashbordVC+UI.swift */; };
		18D6A23C28F5AA0F00A51A17 /* ProjectTableViewCell.swift in Sources */ = {isa = PBXBuildFile; fileRef = 18D6A23A28F5AA0F00A51A17 /* ProjectTableViewCell.swift */; };
		18D6A23D28F5AA0F00A51A17 /* ProjectTableViewCell.xib in Resources */ = {isa = PBXBuildFile; fileRef = 18D6A23B28F5AA0F00A51A17 /* ProjectTableViewCell.xib */; };
		18DC12EF28F6F4EA0067A29F /* MMPView.swift in Sources */ = {isa = PBXBuildFile; fileRef = 18DC12EE28F6F4EA0067A29F /* MMPView.swift */; };
		18DC12F128F6F5000067A29F /* MMPButton.swift in Sources */ = {isa = PBXBuildFile; fileRef = 18DC12F028F6F5000067A29F /* MMPButton.swift */; };
		18DC12F328F6F9310067A29F /* MMPProjectDetailsVC.swift in Sources */ = {isa = PBXBuildFile; fileRef = 18DC12F228F6F9310067A29F /* MMPProjectDetailsVC.swift */; };
		18DC12F528F6F9440067A29F /* MMPProjectDetailsVC+UI.swift in Sources */ = {isa = PBXBuildFile; fileRef = 18DC12F428F6F9440067A29F /* MMPProjectDetailsVC+UI.swift */; };
		18E9EDCA291124B900E4B0D2 /* MMPConstant.swift in Sources */ = {isa = PBXBuildFile; fileRef = 18E9EDC9291124B900E4B0D2 /* MMPConstant.swift */; };
		80C5BA4CD337FA6B1BA8EA98 /* Pods_MasterMyProject.framework in Frameworks */ = {isa = PBXBuildFile; fileRef = 894188ACB6560675ABB396A4 /* Pods_MasterMyProject.framework */; };
		94585687465303A7CACEF1F9 /* Pods_MasterMyProjectTests.framework in Frameworks */ = {isa = PBXBuildFile; fileRef = AAA4D0A41B1F4FFA2E0856DB /* Pods_MasterMyProjectTests.framework */; };
		A6BA900463EBFC9873B5A88B /* Pods_MasterMyProject_MasterMyProjectUITests.framework in Frameworks */ = {isa = PBXBuildFile; fileRef = BF60BFDDE060E1FB44DC7D4B /* Pods_MasterMyProject_MasterMyProjectUITests.framework */; };
/* End PBXBuildFile section */

/* Begin PBXContainerItemProxy section */
		180BAC3928EB2D360076F4B4 /* PBXContainerItemProxy */ = {
			isa = PBXContainerItemProxy;
			containerPortal = 180BAC1A28EB2D340076F4B4 /* Project object */;
			proxyType = 1;
			remoteGlobalIDString = 180BAC2128EB2D340076F4B4;
			remoteInfo = MasterMyProject;
		};
		180BAC4328EB2D360076F4B4 /* PBXContainerItemProxy */ = {
			isa = PBXContainerItemProxy;
			containerPortal = 180BAC1A28EB2D340076F4B4 /* Project object */;
			proxyType = 1;
			remoteGlobalIDString = 180BAC2128EB2D340076F4B4;
			remoteInfo = MasterMyProject;
		};
/* End PBXContainerItemProxy section */

/* Begin PBXFileReference section */
		043B2E1B2923E164006D0C1B /* MMPUtilities.swift */ = {isa = PBXFileReference; lastKnownFileType = sourcecode.swift; path = MMPUtilities.swift; sourceTree = "<group>"; };
		180B55D228F73A820087898D /* MMPProfileVC.swift */ = {isa = PBXFileReference; lastKnownFileType = sourcecode.swift; path = MMPProfileVC.swift; sourceTree = "<group>"; };
		180B55D428F740E90087898D /* MMPAlertVC.swift */ = {isa = PBXFileReference; lastKnownFileType = sourcecode.swift; path = MMPAlertVC.swift; sourceTree = "<group>"; };
		180B55D628F747A10087898D /* MMPAlertVC+UI.swift */ = {isa = PBXFileReference; lastKnownFileType = sourcecode.swift; path = "MMPAlertVC+UI.swift"; sourceTree = "<group>"; };
		180B55D828F748CE0087898D /* MMPBaseVC.swift */ = {isa = PBXFileReference; lastKnownFileType = sourcecode.swift; path = MMPBaseVC.swift; sourceTree = "<group>"; };
		180BAC2228EB2D340076F4B4 /* MasterMyProject.app */ = {isa = PBXFileReference; explicitFileType = wrapper.application; includeInIndex = 0; path = MasterMyProject.app; sourceTree = BUILT_PRODUCTS_DIR; };
		180BAC2528EB2D340076F4B4 /* AppDelegate.swift */ = {isa = PBXFileReference; lastKnownFileType = sourcecode.swift; path = AppDelegate.swift; sourceTree = "<group>"; };
		180BAC2728EB2D340076F4B4 /* SceneDelegate.swift */ = {isa = PBXFileReference; lastKnownFileType = sourcecode.swift; path = SceneDelegate.swift; sourceTree = "<group>"; };
		180BAC2C28EB2D340076F4B4 /* Base */ = {isa = PBXFileReference; lastKnownFileType = file.storyboard; name = Base; path = Base.lproj/Main.storyboard; sourceTree = "<group>"; };
		180BAC2E28EB2D360076F4B4 /* Assets.xcassets */ = {isa = PBXFileReference; lastKnownFileType = folder.assetcatalog; path = Assets.xcassets; sourceTree = "<group>"; };
		180BAC3128EB2D360076F4B4 /* Base */ = {isa = PBXFileReference; lastKnownFileType = file.storyboard; name = Base; path = Base.lproj/LaunchScreen.storyboard; sourceTree = "<group>"; };
		180BAC3328EB2D360076F4B4 /* Info.plist */ = {isa = PBXFileReference; lastKnownFileType = text.plist.xml; path = Info.plist; sourceTree = "<group>"; };
		180BAC3828EB2D360076F4B4 /* MasterMyProjectTests.xctest */ = {isa = PBXFileReference; explicitFileType = wrapper.cfbundle; includeInIndex = 0; path = MasterMyProjectTests.xctest; sourceTree = BUILT_PRODUCTS_DIR; };
		180BAC3C28EB2D360076F4B4 /* MasterMyProjectTests.swift */ = {isa = PBXFileReference; lastKnownFileType = sourcecode.swift; path = MasterMyProjectTests.swift; sourceTree = "<group>"; };
		180BAC4228EB2D360076F4B4 /* MasterMyProjectUITests.xctest */ = {isa = PBXFileReference; explicitFileType = wrapper.cfbundle; includeInIndex = 0; path = MasterMyProjectUITests.xctest; sourceTree = BUILT_PRODUCTS_DIR; };
		180BAC4628EB2D360076F4B4 /* MasterMyProjectUITests.swift */ = {isa = PBXFileReference; lastKnownFileType = sourcecode.swift; path = MasterMyProjectUITests.swift; sourceTree = "<group>"; };
		180BAC4828EB2D360076F4B4 /* MasterMyProjectUITestsLaunchTests.swift */ = {isa = PBXFileReference; lastKnownFileType = sourcecode.swift; path = MasterMyProjectUITestsLaunchTests.swift; sourceTree = "<group>"; };
		18363AB728FEFB6700BEF58B /* MMPTruckPrestartOneVC.swift */ = {isa = PBXFileReference; lastKnownFileType = sourcecode.swift; path = MMPTruckPrestartOneVC.swift; sourceTree = "<group>"; };
		18363AB928FEFB7400BEF58B /* MMPTruckPrestartTwoVC.swift */ = {isa = PBXFileReference; lastKnownFileType = sourcecode.swift; path = MMPTruckPrestartTwoVC.swift; sourceTree = "<group>"; };
		18363ABB28FEFB8300BEF58B /* MMPTruckPrestartThreeVC.swift */ = {isa = PBXFileReference; lastKnownFileType = sourcecode.swift; path = MMPTruckPrestartThreeVC.swift; sourceTree = "<group>"; };
		18377D2528F88A5C00D293EE /* MMPSignOutAlertVC.swift */ = {isa = PBXFileReference; lastKnownFileType = sourcecode.swift; path = MMPSignOutAlertVC.swift; sourceTree = "<group>"; };
		18377D2728F88AC100D293EE /* MMPDocketVC.swift */ = {isa = PBXFileReference; lastKnownFileType = sourcecode.swift; path = MMPDocketVC.swift; sourceTree = "<group>"; };
		184B7F8028FD97E100430CFA /* MMPDocketTwoVC.swift */ = {isa = PBXFileReference; lastKnownFileType = sourcecode.swift; path = MMPDocketTwoVC.swift; sourceTree = "<group>"; };
		1868D09128ED948F002751E2 /* MMPSignInVC.swift */ = {isa = PBXFileReference; lastKnownFileType = sourcecode.swift; path = MMPSignInVC.swift; sourceTree = "<group>"; };
		1868D09328ED94E4002751E2 /* MMPSignInVC+UI.swift */ = {isa = PBXFileReference; lastKnownFileType = sourcecode.swift; path = "MMPSignInVC+UI.swift"; sourceTree = "<group>"; };
		1868D09528ED95F6002751E2 /* MMPDashbordVC.swift */ = {isa = PBXFileReference; lastKnownFileType = sourcecode.swift; path = MMPDashbordVC.swift; sourceTree = "<group>"; };
		18BFAC0A28FDD27D00A98475 /* MMPTruckAlertVC.swift */ = {isa = PBXFileReference; lastKnownFileType = sourcecode.swift; path = MMPTruckAlertVC.swift; sourceTree = "<group>"; };
		18BFAC0D28FDD8BE00A98475 /* MMPPrestartOneVC.swift */ = {isa = PBXFileReference; lastKnownFileType = sourcecode.swift; path = MMPPrestartOneVC.swift; sourceTree = "<group>"; };
		18BFAC0F28FDDD0900A98475 /* MMPPrestartTwoVC.swift */ = {isa = PBXFileReference; lastKnownFileType = sourcecode.swift; path = MMPPrestartTwoVC.swift; sourceTree = "<group>"; };
		18BFAC1128FDDD1400A98475 /* MMPPrestartThreeVC.swift */ = {isa = PBXFileReference; lastKnownFileType = sourcecode.swift; path = MMPPrestartThreeVC.swift; sourceTree = "<group>"; };
		18D6A23528F5A6D900A51A17 /* MMPDashbordVC+UI.swift */ = {isa = PBXFileReference; lastKnownFileType = sourcecode.swift; path = "MMPDashbordVC+UI.swift"; sourceTree = "<group>"; };
		18D6A23A28F5AA0F00A51A17 /* ProjectTableViewCell.swift */ = {isa = PBXFileReference; lastKnownFileType = sourcecode.swift; path = ProjectTableViewCell.swift; sourceTree = "<group>"; };
		18D6A23B28F5AA0F00A51A17 /* ProjectTableViewCell.xib */ = {isa = PBXFileReference; lastKnownFileType = file.xib; path = ProjectTableViewCell.xib; sourceTree = "<group>"; };
		18DC12EE28F6F4EA0067A29F /* MMPView.swift */ = {isa = PBXFileReference; lastKnownFileType = sourcecode.swift; path = MMPView.swift; sourceTree = "<group>"; };
		18DC12F028F6F5000067A29F /* MMPButton.swift */ = {isa = PBXFileReference; lastKnownFileType = sourcecode.swift; path = MMPButton.swift; sourceTree = "<group>"; };
		18DC12F228F6F9310067A29F /* MMPProjectDetailsVC.swift */ = {isa = PBXFileReference; lastKnownFileType = sourcecode.swift; path = MMPProjectDetailsVC.swift; sourceTree = "<group>"; };
		18DC12F428F6F9440067A29F /* MMPProjectDetailsVC+UI.swift */ = {isa = PBXFileReference; lastKnownFileType = sourcecode.swift; path = "MMPProjectDetailsVC+UI.swift"; sourceTree = "<group>"; };
		18E9EDC9291124B900E4B0D2 /* MMPConstant.swift */ = {isa = PBXFileReference; lastKnownFileType = sourcecode.swift; path = MMPConstant.swift; sourceTree = "<group>"; };
		24A1A666F80169629FA4771F /* Pods-MasterMyProjectTests.release.xcconfig */ = {isa = PBXFileReference; includeInIndex = 1; lastKnownFileType = text.xcconfig; name = "Pods-MasterMyProjectTests.release.xcconfig"; path = "Target Support Files/Pods-MasterMyProjectTests/Pods-MasterMyProjectTests.release.xcconfig"; sourceTree = "<group>"; };
		3A393784DA0539E0EA5354BA /* Pods-MasterMyProject-MasterMyProjectUITests.debug.xcconfig */ = {isa = PBXFileReference; includeInIndex = 1; lastKnownFileType = text.xcconfig; name = "Pods-MasterMyProject-MasterMyProjectUITests.debug.xcconfig"; path = "Target Support Files/Pods-MasterMyProject-MasterMyProjectUITests/Pods-MasterMyProject-MasterMyProjectUITests.debug.xcconfig"; sourceTree = "<group>"; };
		796CD09B4BD2AD7797A651FE /* Pods-MasterMyProject.release.xcconfig */ = {isa = PBXFileReference; includeInIndex = 1; lastKnownFileType = text.xcconfig; name = "Pods-MasterMyProject.release.xcconfig"; path = "Target Support Files/Pods-MasterMyProject/Pods-MasterMyProject.release.xcconfig"; sourceTree = "<group>"; };
		7F499EBEAF9070DD4AECD66D /* Pods-MasterMyProject.debug.xcconfig */ = {isa = PBXFileReference; includeInIndex = 1; lastKnownFileType = text.xcconfig; name = "Pods-MasterMyProject.debug.xcconfig"; path = "Target Support Files/Pods-MasterMyProject/Pods-MasterMyProject.debug.xcconfig"; sourceTree = "<group>"; };
		894188ACB6560675ABB396A4 /* Pods_MasterMyProject.framework */ = {isa = PBXFileReference; explicitFileType = wrapper.framework; includeInIndex = 0; path = Pods_MasterMyProject.framework; sourceTree = BUILT_PRODUCTS_DIR; };
		8DABD0B1E78A1F5BF693B160 /* Pods-MasterMyProject-MasterMyProjectUITests.release.xcconfig */ = {isa = PBXFileReference; includeInIndex = 1; lastKnownFileType = text.xcconfig; name = "Pods-MasterMyProject-MasterMyProjectUITests.release.xcconfig"; path = "Target Support Files/Pods-MasterMyProject-MasterMyProjectUITests/Pods-MasterMyProject-MasterMyProjectUITests.release.xcconfig"; sourceTree = "<group>"; };
		AAA4D0A41B1F4FFA2E0856DB /* Pods_MasterMyProjectTests.framework */ = {isa = PBXFileReference; explicitFileType = wrapper.framework; includeInIndex = 0; path = Pods_MasterMyProjectTests.framework; sourceTree = BUILT_PRODUCTS_DIR; };
		BF60BFDDE060E1FB44DC7D4B /* Pods_MasterMyProject_MasterMyProjectUITests.framework */ = {isa = PBXFileReference; explicitFileType = wrapper.framework; includeInIndex = 0; path = Pods_MasterMyProject_MasterMyProjectUITests.framework; sourceTree = BUILT_PRODUCTS_DIR; };
		F41152B6F6BDE2B799579FA3 /* Pods-MasterMyProjectTests.debug.xcconfig */ = {isa = PBXFileReference; includeInIndex = 1; lastKnownFileType = text.xcconfig; name = "Pods-MasterMyProjectTests.debug.xcconfig"; path = "Target Support Files/Pods-MasterMyProjectTests/Pods-MasterMyProjectTests.debug.xcconfig"; sourceTree = "<group>"; };
/* End PBXFileReference section */

/* Begin PBXFrameworksBuildPhase section */
		180BAC1F28EB2D340076F4B4 /* Frameworks */ = {
			isa = PBXFrameworksBuildPhase;
			buildActionMask = 2147483647;
			files = (
				80C5BA4CD337FA6B1BA8EA98 /* Pods_MasterMyProject.framework in Frameworks */,
			);
			runOnlyForDeploymentPostprocessing = 0;
		};
		180BAC3528EB2D360076F4B4 /* Frameworks */ = {
			isa = PBXFrameworksBuildPhase;
			buildActionMask = 2147483647;
			files = (
				94585687465303A7CACEF1F9 /* Pods_MasterMyProjectTests.framework in Frameworks */,
			);
			runOnlyForDeploymentPostprocessing = 0;
		};
		180BAC3F28EB2D360076F4B4 /* Frameworks */ = {
			isa = PBXFrameworksBuildPhase;
			buildActionMask = 2147483647;
			files = (
				A6BA900463EBFC9873B5A88B /* Pods_MasterMyProject_MasterMyProjectUITests.framework in Frameworks */,
			);
			runOnlyForDeploymentPostprocessing = 0;
		};
/* End PBXFrameworksBuildPhase section */

/* Begin PBXGroup section */
		043B2E1A2923E14B006D0C1B /* Utilities */ = {
			isa = PBXGroup;
			children = (
				043B2E1B2923E164006D0C1B /* MMPUtilities.swift */,
			);
			path = Utilities;
			sourceTree = "<group>";
		};
		0FA942D2CE5F64CCD61850F7 /* Pods */ = {
			isa = PBXGroup;
			children = (
				7F499EBEAF9070DD4AECD66D /* Pods-MasterMyProject.debug.xcconfig */,
				796CD09B4BD2AD7797A651FE /* Pods-MasterMyProject.release.xcconfig */,
				3A393784DA0539E0EA5354BA /* Pods-MasterMyProject-MasterMyProjectUITests.debug.xcconfig */,
				8DABD0B1E78A1F5BF693B160 /* Pods-MasterMyProject-MasterMyProjectUITests.release.xcconfig */,
				F41152B6F6BDE2B799579FA3 /* Pods-MasterMyProjectTests.debug.xcconfig */,
				24A1A666F80169629FA4771F /* Pods-MasterMyProjectTests.release.xcconfig */,
			);
			path = Pods;
			sourceTree = "<group>";
		};
		180BAC1928EB2D340076F4B4 = {
			isa = PBXGroup;
			children = (
				180BAC2428EB2D340076F4B4 /* MasterMyProject */,
				180BAC3B28EB2D360076F4B4 /* MasterMyProjectTests */,
				180BAC4528EB2D360076F4B4 /* MasterMyProjectUITests */,
				180BAC2328EB2D340076F4B4 /* Products */,
				0FA942D2CE5F64CCD61850F7 /* Pods */,
				3069FE28F68DF0D23ED12792 /* Frameworks */,
			);
			sourceTree = "<group>";
		};
		180BAC2328EB2D340076F4B4 /* Products */ = {
			isa = PBXGroup;
			children = (
				180BAC2228EB2D340076F4B4 /* MasterMyProject.app */,
				180BAC3828EB2D360076F4B4 /* MasterMyProjectTests.xctest */,
				180BAC4228EB2D360076F4B4 /* MasterMyProjectUITests.xctest */,
			);
			name = Products;
			sourceTree = "<group>";
		};
		180BAC2428EB2D340076F4B4 /* MasterMyProject */ = {
			isa = PBXGroup;
			children = (
				180BAC2528EB2D340076F4B4 /* AppDelegate.swift */,
				180BAC2728EB2D340076F4B4 /* SceneDelegate.swift */,
				18E9EDC8291124A300E4B0D2 /* Constant */,
				18DC12EB28F6F49C0067A29F /* IntegrationLayer */,
				18D6A23828F5A9DA00A51A17 /* Modules */,
				180BAC2B28EB2D340076F4B4 /* Main.storyboard */,
				180BAC2E28EB2D360076F4B4 /* Assets.xcassets */,
				180BAC3028EB2D360076F4B4 /* LaunchScreen.storyboard */,
				180BAC3328EB2D360076F4B4 /* Info.plist */,
			);
			path = MasterMyProject;
			sourceTree = "<group>";
		};
		180BAC3B28EB2D360076F4B4 /* MasterMyProjectTests */ = {
			isa = PBXGroup;
			children = (
				180BAC3C28EB2D360076F4B4 /* MasterMyProjectTests.swift */,
			);
			path = MasterMyProjectTests;
			sourceTree = "<group>";
		};
		180BAC4528EB2D360076F4B4 /* MasterMyProjectUITests */ = {
			isa = PBXGroup;
			children = (
				180BAC4628EB2D360076F4B4 /* MasterMyProjectUITests.swift */,
				180BAC4828EB2D360076F4B4 /* MasterMyProjectUITestsLaunchTests.swift */,
			);
			path = MasterMyProjectUITests;
			sourceTree = "<group>";
		};
		1868D09028ED9467002751E2 /* SignIn */ = {
			isa = PBXGroup;
			children = (
				1868D09128ED948F002751E2 /* MMPSignInVC.swift */,
				1868D09328ED94E4002751E2 /* MMPSignInVC+UI.swift */,
			);
			path = SignIn;
			sourceTree = "<group>";
		};
		18BFAC0C28FDD89B00A98475 /* Prestart */ = {
			isa = PBXGroup;
			children = (
				18BFAC0D28FDD8BE00A98475 /* MMPPrestartOneVC.swift */,
				18BFAC0F28FDDD0900A98475 /* MMPPrestartTwoVC.swift */,
				18BFAC1128FDDD1400A98475 /* MMPPrestartThreeVC.swift */,
				18363AB728FEFB6700BEF58B /* MMPTruckPrestartOneVC.swift */,
				18363AB928FEFB7400BEF58B /* MMPTruckPrestartTwoVC.swift */,
				18363ABB28FEFB8300BEF58B /* MMPTruckPrestartThreeVC.swift */,
			);
			path = Prestart;
			sourceTree = "<group>";
		};
		18D6A23728F5A97400A51A17 /* ViewControllers */ = {
			isa = PBXGroup;
			children = (
				1868D09028ED9467002751E2 /* SignIn */,
				1868D09528ED95F6002751E2 /* MMPDashbordVC.swift */,
				18D6A23528F5A6D900A51A17 /* MMPDashbordVC+UI.swift */,
				18DC12F228F6F9310067A29F /* MMPProjectDetailsVC.swift */,
				18DC12F428F6F9440067A29F /* MMPProjectDetailsVC+UI.swift */,
				180B55D228F73A820087898D /* MMPProfileVC.swift */,
				18377D2728F88AC100D293EE /* MMPDocketVC.swift */,
				184B7F8028FD97E100430CFA /* MMPDocketTwoVC.swift */,
				180B55D428F740E90087898D /* MMPAlertVC.swift */,
				180B55D628F747A10087898D /* MMPAlertVC+UI.swift */,
				18377D2528F88A5C00D293EE /* MMPSignOutAlertVC.swift */,
				180B55D828F748CE0087898D /* MMPBaseVC.swift */,
				18BFAC0A28FDD27D00A98475 /* MMPTruckAlertVC.swift */,
				18BFAC0C28FDD89B00A98475 /* Prestart */,
			);
			path = ViewControllers;
			sourceTree = "<group>";
		};
		18D6A23828F5A9DA00A51A17 /* Modules */ = {
			isa = PBXGroup;
			children = (
				18D6A23728F5A97400A51A17 /* ViewControllers */,
				18D6A23928F5A9EF00A51A17 /* Cells */,
			);
			path = Modules;
			sourceTree = "<group>";
		};
		18D6A23928F5A9EF00A51A17 /* Cells */ = {
			isa = PBXGroup;
			children = (
				18D6A23A28F5AA0F00A51A17 /* ProjectTableViewCell.swift */,
				18D6A23B28F5AA0F00A51A17 /* ProjectTableViewCell.xib */,
			);
			path = Cells;
			sourceTree = "<group>";
		};
		18DC12EB28F6F49C0067A29F /* IntegrationLayer */ = {
			isa = PBXGroup;
			children = (
				043B2E1A2923E14B006D0C1B /* Utilities */,
				18DC12ED28F6F4BC0067A29F /* Helper */,
			);
			path = IntegrationLayer;
			sourceTree = "<group>";
		};
		18DC12ED28F6F4BC0067A29F /* Helper */ = {
			isa = PBXGroup;
			children = (
				18DC12EE28F6F4EA0067A29F /* MMPView.swift */,
				18DC12F028F6F5000067A29F /* MMPButton.swift */,
			);
			path = Helper;
			sourceTree = "<group>";
		};
		18E9EDC8291124A300E4B0D2 /* Constant */ = {
			isa = PBXGroup;
			children = (
				18E9EDC9291124B900E4B0D2 /* MMPConstant.swift */,
			);
			path = Constant;
			sourceTree = "<group>";
		};
		3069FE28F68DF0D23ED12792 /* Frameworks */ = {
			isa = PBXGroup;
			children = (
				894188ACB6560675ABB396A4 /* Pods_MasterMyProject.framework */,
				BF60BFDDE060E1FB44DC7D4B /* Pods_MasterMyProject_MasterMyProjectUITests.framework */,
				AAA4D0A41B1F4FFA2E0856DB /* Pods_MasterMyProjectTests.framework */,
			);
			name = Frameworks;
			sourceTree = "<group>";
		};
/* End PBXGroup section */

/* Begin PBXNativeTarget section */
		180BAC2128EB2D340076F4B4 /* MasterMyProject */ = {
			isa = PBXNativeTarget;
			buildConfigurationList = 180BAC4C28EB2D360076F4B4 /* Build configuration list for PBXNativeTarget "MasterMyProject" */;
			buildPhases = (
				E22F49F279F3765548D814C9 /* [CP] Check Pods Manifest.lock */,
				180BAC1E28EB2D340076F4B4 /* Sources */,
				180BAC1F28EB2D340076F4B4 /* Frameworks */,
				180BAC2028EB2D340076F4B4 /* Resources */,
				3981EC1B2B90073ABBBF89C7 /* [CP] Embed Pods Frameworks */,
			);
			buildRules = (
			);
			dependencies = (
			);
			name = MasterMyProject;
			productName = MasterMyProject;
			productReference = 180BAC2228EB2D340076F4B4 /* MasterMyProject.app */;
			productType = "com.apple.product-type.application";
		};
		180BAC3728EB2D360076F4B4 /* MasterMyProjectTests */ = {
			isa = PBXNativeTarget;
			buildConfigurationList = 180BAC4F28EB2D360076F4B4 /* Build configuration list for PBXNativeTarget "MasterMyProjectTests" */;
			buildPhases = (
				F15F8693ACD7B9B3D20086D6 /* [CP] Check Pods Manifest.lock */,
				180BAC3428EB2D360076F4B4 /* Sources */,
				180BAC3528EB2D360076F4B4 /* Frameworks */,
				180BAC3628EB2D360076F4B4 /* Resources */,
			);
			buildRules = (
			);
			dependencies = (
				180BAC3A28EB2D360076F4B4 /* PBXTargetDependency */,
			);
			name = MasterMyProjectTests;
			productName = MasterMyProjectTests;
			productReference = 180BAC3828EB2D360076F4B4 /* MasterMyProjectTests.xctest */;
			productType = "com.apple.product-type.bundle.unit-test";
		};
		180BAC4128EB2D360076F4B4 /* MasterMyProjectUITests */ = {
			isa = PBXNativeTarget;
			buildConfigurationList = 180BAC5228EB2D360076F4B4 /* Build configuration list for PBXNativeTarget "MasterMyProjectUITests" */;
			buildPhases = (
				ECCD79CC36FCC645B0293271 /* [CP] Check Pods Manifest.lock */,
				180BAC3E28EB2D360076F4B4 /* Sources */,
				180BAC3F28EB2D360076F4B4 /* Frameworks */,
				180BAC4028EB2D360076F4B4 /* Resources */,
				1A0094CA1F2C0BE6ECB92955 /* [CP] Embed Pods Frameworks */,
			);
			buildRules = (
			);
			dependencies = (
				180BAC4428EB2D360076F4B4 /* PBXTargetDependency */,
			);
			name = MasterMyProjectUITests;
			productName = MasterMyProjectUITests;
			productReference = 180BAC4228EB2D360076F4B4 /* MasterMyProjectUITests.xctest */;
			productType = "com.apple.product-type.bundle.ui-testing";
		};
/* End PBXNativeTarget section */

/* Begin PBXProject section */
		180BAC1A28EB2D340076F4B4 /* Project object */ = {
			isa = PBXProject;
			attributes = {
				BuildIndependentTargetsInParallel = 1;
				LastSwiftUpdateCheck = 1340;
				LastUpgradeCheck = 1340;
				TargetAttributes = {
					180BAC2128EB2D340076F4B4 = {
						CreatedOnToolsVersion = 13.4.1;
					};
					180BAC3728EB2D360076F4B4 = {
						CreatedOnToolsVersion = 13.4.1;
						TestTargetID = 180BAC2128EB2D340076F4B4;
					};
					180BAC4128EB2D360076F4B4 = {
						CreatedOnToolsVersion = 13.4.1;
						TestTargetID = 180BAC2128EB2D340076F4B4;
					};
				};
			};
			buildConfigurationList = 180BAC1D28EB2D340076F4B4 /* Build configuration list for PBXProject "MasterMyProject" */;
			compatibilityVersion = "Xcode 13.0";
			developmentRegion = en;
			hasScannedForEncodings = 0;
			knownRegions = (
				en,
				Base,
			);
			mainGroup = 180BAC1928EB2D340076F4B4;
			productRefGroup = 180BAC2328EB2D340076F4B4 /* Products */;
			projectDirPath = "";
			projectRoot = "";
			targets = (
				180BAC2128EB2D340076F4B4 /* MasterMyProject */,
				180BAC3728EB2D360076F4B4 /* MasterMyProjectTests */,
				180BAC4128EB2D360076F4B4 /* MasterMyProjectUITests */,
			);
		};
/* End PBXProject section */

/* Begin PBXResourcesBuildPhase section */
		180BAC2028EB2D340076F4B4 /* Resources */ = {
			isa = PBXResourcesBuildPhase;
			buildActionMask = 2147483647;
			files = (
				180BAC3228EB2D360076F4B4 /* LaunchScreen.storyboard in Resources */,
				180BAC2F28EB2D360076F4B4 /* Assets.xcassets in Resources */,
				180BAC2D28EB2D340076F4B4 /* Main.storyboard in Resources */,
				18D6A23D28F5AA0F00A51A17 /* ProjectTableViewCell.xib in Resources */,
			);
			runOnlyForDeploymentPostprocessing = 0;
		};
		180BAC3628EB2D360076F4B4 /* Resources */ = {
			isa = PBXResourcesBuildPhase;
			buildActionMask = 2147483647;
			files = (
			);
			runOnlyForDeploymentPostprocessing = 0;
		};
		180BAC4028EB2D360076F4B4 /* Resources */ = {
			isa = PBXResourcesBuildPhase;
			buildActionMask = 2147483647;
			files = (
			);
			runOnlyForDeploymentPostprocessing = 0;
		};
/* End PBXResourcesBuildPhase section */

/* Begin PBXShellScriptBuildPhase section */
		1A0094CA1F2C0BE6ECB92955 /* [CP] Embed Pods Frameworks */ = {
			isa = PBXShellScriptBuildPhase;
			buildActionMask = 2147483647;
			files = (
			);
			inputFileListPaths = (
				"${PODS_ROOT}/Target Support Files/Pods-MasterMyProject-MasterMyProjectUITests/Pods-MasterMyProject-MasterMyProjectUITests-frameworks-${CONFIGURATION}-input-files.xcfilelist",
			);
			name = "[CP] Embed Pods Frameworks";
			outputFileListPaths = (
				"${PODS_ROOT}/Target Support Files/Pods-MasterMyProject-MasterMyProjectUITests/Pods-MasterMyProject-MasterMyProjectUITests-frameworks-${CONFIGURATION}-output-files.xcfilelist",
			);
			runOnlyForDeploymentPostprocessing = 0;
			shellPath = /bin/sh;
			shellScript = "\"${PODS_ROOT}/Target Support Files/Pods-MasterMyProject-MasterMyProjectUITests/Pods-MasterMyProject-MasterMyProjectUITests-frameworks.sh\"\n";
			showEnvVarsInLog = 0;
		};
		3981EC1B2B90073ABBBF89C7 /* [CP] Embed Pods Frameworks */ = {
			isa = PBXShellScriptBuildPhase;
			buildActionMask = 2147483647;
			files = (
			);
			inputFileListPaths = (
				"${PODS_ROOT}/Target Support Files/Pods-MasterMyProject/Pods-MasterMyProject-frameworks-${CONFIGURATION}-input-files.xcfilelist",
			);
			name = "[CP] Embed Pods Frameworks";
			outputFileListPaths = (
				"${PODS_ROOT}/Target Support Files/Pods-MasterMyProject/Pods-MasterMyProject-frameworks-${CONFIGURATION}-output-files.xcfilelist",
			);
			runOnlyForDeploymentPostprocessing = 0;
			shellPath = /bin/sh;
			shellScript = "\"${PODS_ROOT}/Target Support Files/Pods-MasterMyProject/Pods-MasterMyProject-frameworks.sh\"\n";
			showEnvVarsInLog = 0;
		};
		E22F49F279F3765548D814C9 /* [CP] Check Pods Manifest.lock */ = {
			isa = PBXShellScriptBuildPhase;
			buildActionMask = 2147483647;
			files = (
			);
			inputFileListPaths = (
			);
			inputPaths = (
				"${PODS_PODFILE_DIR_PATH}/Podfile.lock",
				"${PODS_ROOT}/Manifest.lock",
			);
			name = "[CP] Check Pods Manifest.lock";
			outputFileListPaths = (
			);
			outputPaths = (
				"$(DERIVED_FILE_DIR)/Pods-MasterMyProject-checkManifestLockResult.txt",
			);
			runOnlyForDeploymentPostprocessing = 0;
			shellPath = /bin/sh;
			shellScript = "diff \"${PODS_PODFILE_DIR_PATH}/Podfile.lock\" \"${PODS_ROOT}/Manifest.lock\" > /dev/null\nif [ $? != 0 ] ; then\n    # print error to STDERR\n    echo \"error: The sandbox is not in sync with the Podfile.lock. Run 'pod install' or update your CocoaPods installation.\" >&2\n    exit 1\nfi\n# This output is used by Xcode 'outputs' to avoid re-running this script phase.\necho \"SUCCESS\" > \"${SCRIPT_OUTPUT_FILE_0}\"\n";
			showEnvVarsInLog = 0;
		};
		ECCD79CC36FCC645B0293271 /* [CP] Check Pods Manifest.lock */ = {
			isa = PBXShellScriptBuildPhase;
			buildActionMask = 2147483647;
			files = (
			);
			inputFileListPaths = (
			);
			inputPaths = (
				"${PODS_PODFILE_DIR_PATH}/Podfile.lock",
				"${PODS_ROOT}/Manifest.lock",
			);
			name = "[CP] Check Pods Manifest.lock";
			outputFileListPaths = (
			);
			outputPaths = (
				"$(DERIVED_FILE_DIR)/Pods-MasterMyProject-MasterMyProjectUITests-checkManifestLockResult.txt",
			);
			runOnlyForDeploymentPostprocessing = 0;
			shellPath = /bin/sh;
			shellScript = "diff \"${PODS_PODFILE_DIR_PATH}/Podfile.lock\" \"${PODS_ROOT}/Manifest.lock\" > /dev/null\nif [ $? != 0 ] ; then\n    # print error to STDERR\n    echo \"error: The sandbox is not in sync with the Podfile.lock. Run 'pod install' or update your CocoaPods installation.\" >&2\n    exit 1\nfi\n# This output is used by Xcode 'outputs' to avoid re-running this script phase.\necho \"SUCCESS\" > \"${SCRIPT_OUTPUT_FILE_0}\"\n";
			showEnvVarsInLog = 0;
		};
		F15F8693ACD7B9B3D20086D6 /* [CP] Check Pods Manifest.lock */ = {
			isa = PBXShellScriptBuildPhase;
			buildActionMask = 2147483647;
			files = (
			);
			inputFileListPaths = (
			);
			inputPaths = (
				"${PODS_PODFILE_DIR_PATH}/Podfile.lock",
				"${PODS_ROOT}/Manifest.lock",
			);
			name = "[CP] Check Pods Manifest.lock";
			outputFileListPaths = (
			);
			outputPaths = (
				"$(DERIVED_FILE_DIR)/Pods-MasterMyProjectTests-checkManifestLockResult.txt",
			);
			runOnlyForDeploymentPostprocessing = 0;
			shellPath = /bin/sh;
			shellScript = "diff \"${PODS_PODFILE_DIR_PATH}/Podfile.lock\" \"${PODS_ROOT}/Manifest.lock\" > /dev/null\nif [ $? != 0 ] ; then\n    # print error to STDERR\n    echo \"error: The sandbox is not in sync with the Podfile.lock. Run 'pod install' or update your CocoaPods installation.\" >&2\n    exit 1\nfi\n# This output is used by Xcode 'outputs' to avoid re-running this script phase.\necho \"SUCCESS\" > \"${SCRIPT_OUTPUT_FILE_0}\"\n";
			showEnvVarsInLog = 0;
		};
/* End PBXShellScriptBuildPhase section */

/* Begin PBXSourcesBuildPhase section */
		180BAC1E28EB2D340076F4B4 /* Sources */ = {
			isa = PBXSourcesBuildPhase;
			buildActionMask = 2147483647;
			files = (
				043B2E1C2923E164006D0C1B /* MMPUtilities.swift in Sources */,
				18BFAC0B28FDD27D00A98475 /* MMPTruckAlertVC.swift in Sources */,
				180B55D728F747A10087898D /* MMPAlertVC+UI.swift in Sources */,
				18DC12F128F6F5000067A29F /* MMPButton.swift in Sources */,
				18BFAC1228FDDD1400A98475 /* MMPPrestartThreeVC.swift in Sources */,
				18377D2828F88AC100D293EE /* MMPDocketVC.swift in Sources */,
				1868D09228ED948F002751E2 /* MMPSignInVC.swift in Sources */,
				18DC12F328F6F9310067A29F /* MMPProjectDetailsVC.swift in Sources */,
				18D6A23C28F5AA0F00A51A17 /* ProjectTableViewCell.swift in Sources */,
				18BFAC1028FDDD0900A98475 /* MMPPrestartTwoVC.swift in Sources */,
				18363ABA28FEFB7400BEF58B /* MMPTruckPrestartTwoVC.swift in Sources */,
				18BFAC0E28FDD8BE00A98475 /* MMPPrestartOneVC.swift in Sources */,
				180BAC2628EB2D340076F4B4 /* AppDelegate.swift in Sources */,
				18377D2628F88A5C00D293EE /* MMPSignOutAlertVC.swift in Sources */,
				180B55D528F740E90087898D /* MMPAlertVC.swift in Sources */,
				180B55D328F73A820087898D /* MMPProfileVC.swift in Sources */,
				1868D09628ED95F6002751E2 /* MMPDashbordVC.swift in Sources */,
				18363ABC28FEFB8300BEF58B /* MMPTruckPrestartThreeVC.swift in Sources */,
				180BAC2828EB2D340076F4B4 /* SceneDelegate.swift in Sources */,
				18E9EDCA291124B900E4B0D2 /* MMPConstant.swift in Sources */,
				18DC12EF28F6F4EA0067A29F /* MMPView.swift in Sources */,
				18D6A23628F5A6D900A51A17 /* MMPDashbordVC+UI.swift in Sources */,
				184B7F8128FD97E100430CFA /* MMPDocketTwoVC.swift in Sources */,
				18363AB828FEFB6700BEF58B /* MMPTruckPrestartOneVC.swift in Sources */,
				18DC12F528F6F9440067A29F /* MMPProjectDetailsVC+UI.swift in Sources */,
				1868D09428ED94E4002751E2 /* MMPSignInVC+UI.swift in Sources */,
				180B55D928F748CE0087898D /* MMPBaseVC.swift in Sources */,
			);
			runOnlyForDeploymentPostprocessing = 0;
		};
		180BAC3428EB2D360076F4B4 /* Sources */ = {
			isa = PBXSourcesBuildPhase;
			buildActionMask = 2147483647;
			files = (
				180BAC3D28EB2D360076F4B4 /* MasterMyProjectTests.swift in Sources */,
			);
			runOnlyForDeploymentPostprocessing = 0;
		};
		180BAC3E28EB2D360076F4B4 /* Sources */ = {
			isa = PBXSourcesBuildPhase;
			buildActionMask = 2147483647;
			files = (
				180BAC4928EB2D360076F4B4 /* MasterMyProjectUITestsLaunchTests.swift in Sources */,
				180BAC4728EB2D360076F4B4 /* MasterMyProjectUITests.swift in Sources */,
			);
			runOnlyForDeploymentPostprocessing = 0;
		};
/* End PBXSourcesBuildPhase section */

/* Begin PBXTargetDependency section */
		180BAC3A28EB2D360076F4B4 /* PBXTargetDependency */ = {
			isa = PBXTargetDependency;
			target = 180BAC2128EB2D340076F4B4 /* MasterMyProject */;
			targetProxy = 180BAC3928EB2D360076F4B4 /* PBXContainerItemProxy */;
		};
		180BAC4428EB2D360076F4B4 /* PBXTargetDependency */ = {
			isa = PBXTargetDependency;
			target = 180BAC2128EB2D340076F4B4 /* MasterMyProject */;
			targetProxy = 180BAC4328EB2D360076F4B4 /* PBXContainerItemProxy */;
		};
/* End PBXTargetDependency section */

/* Begin PBXVariantGroup section */
		180BAC2B28EB2D340076F4B4 /* Main.storyboard */ = {
			isa = PBXVariantGroup;
			children = (
				180BAC2C28EB2D340076F4B4 /* Base */,
			);
			name = Main.storyboard;
			sourceTree = "<group>";
		};
		180BAC3028EB2D360076F4B4 /* LaunchScreen.storyboard */ = {
			isa = PBXVariantGroup;
			children = (
				180BAC3128EB2D360076F4B4 /* Base */,
			);
			name = LaunchScreen.storyboard;
			sourceTree = "<group>";
		};
/* End PBXVariantGroup section */

/* Begin XCBuildConfiguration section */
		180BAC4A28EB2D360076F4B4 /* Debug */ = {
			isa = XCBuildConfiguration;
			buildSettings = {
				ALWAYS_SEARCH_USER_PATHS = NO;
				CLANG_ANALYZER_NONNULL = YES;
				CLANG_ANALYZER_NUMBER_OBJECT_CONVERSION = YES_AGGRESSIVE;
				CLANG_CXX_LANGUAGE_STANDARD = "gnu++17";
				CLANG_ENABLE_MODULES = YES;
				CLANG_ENABLE_OBJC_ARC = YES;
				CLANG_ENABLE_OBJC_WEAK = YES;
				CLANG_WARN_BLOCK_CAPTURE_AUTORELEASING = YES;
				CLANG_WARN_BOOL_CONVERSION = YES;
				CLANG_WARN_COMMA = YES;
				CLANG_WARN_CONSTANT_CONVERSION = YES;
				CLANG_WARN_DEPRECATED_OBJC_IMPLEMENTATIONS = YES;
				CLANG_WARN_DIRECT_OBJC_ISA_USAGE = YES_ERROR;
				CLANG_WARN_DOCUMENTATION_COMMENTS = YES;
				CLANG_WARN_EMPTY_BODY = YES;
				CLANG_WARN_ENUM_CONVERSION = YES;
				CLANG_WARN_INFINITE_RECURSION = YES;
				CLANG_WARN_INT_CONVERSION = YES;
				CLANG_WARN_NON_LITERAL_NULL_CONVERSION = YES;
				CLANG_WARN_OBJC_IMPLICIT_RETAIN_SELF = YES;
				CLANG_WARN_OBJC_LITERAL_CONVERSION = YES;
				CLANG_WARN_OBJC_ROOT_CLASS = YES_ERROR;
				CLANG_WARN_QUOTED_INCLUDE_IN_FRAMEWORK_HEADER = YES;
				CLANG_WARN_RANGE_LOOP_ANALYSIS = YES;
				CLANG_WARN_STRICT_PROTOTYPES = YES;
				CLANG_WARN_SUSPICIOUS_MOVE = YES;
				CLANG_WARN_UNGUARDED_AVAILABILITY = YES_AGGRESSIVE;
				CLANG_WARN_UNREACHABLE_CODE = YES;
				CLANG_WARN__DUPLICATE_METHOD_MATCH = YES;
				COPY_PHASE_STRIP = NO;
				DEBUG_INFORMATION_FORMAT = dwarf;
				ENABLE_STRICT_OBJC_MSGSEND = YES;
				ENABLE_TESTABILITY = YES;
				GCC_C_LANGUAGE_STANDARD = gnu11;
				GCC_DYNAMIC_NO_PIC = NO;
				GCC_NO_COMMON_BLOCKS = YES;
				GCC_OPTIMIZATION_LEVEL = 0;
				GCC_PREPROCESSOR_DEFINITIONS = (
					"DEBUG=1",
					"$(inherited)",
				);
				GCC_WARN_64_TO_32_BIT_CONVERSION = YES;
				GCC_WARN_ABOUT_RETURN_TYPE = YES_ERROR;
				GCC_WARN_UNDECLARED_SELECTOR = YES;
				GCC_WARN_UNINITIALIZED_AUTOS = YES_AGGRESSIVE;
				GCC_WARN_UNUSED_FUNCTION = YES;
				GCC_WARN_UNUSED_VARIABLE = YES;
				IPHONEOS_DEPLOYMENT_TARGET = 15.5;
				MTL_ENABLE_DEBUG_INFO = INCLUDE_SOURCE;
				MTL_FAST_MATH = YES;
				ONLY_ACTIVE_ARCH = YES;
				SDKROOT = iphoneos;
				SWIFT_ACTIVE_COMPILATION_CONDITIONS = DEBUG;
				SWIFT_OPTIMIZATION_LEVEL = "-Onone";
			};
			name = Debug;
		};
		180BAC4B28EB2D360076F4B4 /* Release */ = {
			isa = XCBuildConfiguration;
			buildSettings = {
				ALWAYS_SEARCH_USER_PATHS = NO;
				CLANG_ANALYZER_NONNULL = YES;
				CLANG_ANALYZER_NUMBER_OBJECT_CONVERSION = YES_AGGRESSIVE;
				CLANG_CXX_LANGUAGE_STANDARD = "gnu++17";
				CLANG_ENABLE_MODULES = YES;
				CLANG_ENABLE_OBJC_ARC = YES;
				CLANG_ENABLE_OBJC_WEAK = YES;
				CLANG_WARN_BLOCK_CAPTURE_AUTORELEASING = YES;
				CLANG_WARN_BOOL_CONVERSION = YES;
				CLANG_WARN_COMMA = YES;
				CLANG_WARN_CONSTANT_CONVERSION = YES;
				CLANG_WARN_DEPRECATED_OBJC_IMPLEMENTATIONS = YES;
				CLANG_WARN_DIRECT_OBJC_ISA_USAGE = YES_ERROR;
				CLANG_WARN_DOCUMENTATION_COMMENTS = YES;
				CLANG_WARN_EMPTY_BODY = YES;
				CLANG_WARN_ENUM_CONVERSION = YES;
				CLANG_WARN_INFINITE_RECURSION = YES;
				CLANG_WARN_INT_CONVERSION = YES;
				CLANG_WARN_NON_LITERAL_NULL_CONVERSION = YES;
				CLANG_WARN_OBJC_IMPLICIT_RETAIN_SELF = YES;
				CLANG_WARN_OBJC_LITERAL_CONVERSION = YES;
				CLANG_WARN_OBJC_ROOT_CLASS = YES_ERROR;
				CLANG_WARN_QUOTED_INCLUDE_IN_FRAMEWORK_HEADER = YES;
				CLANG_WARN_RANGE_LOOP_ANALYSIS = YES;
				CLANG_WARN_STRICT_PROTOTYPES = YES;
				CLANG_WARN_SUSPICIOUS_MOVE = YES;
				CLANG_WARN_UNGUARDED_AVAILABILITY = YES_AGGRESSIVE;
				CLANG_WARN_UNREACHABLE_CODE = YES;
				CLANG_WARN__DUPLICATE_METHOD_MATCH = YES;
				COPY_PHASE_STRIP = NO;
				DEBUG_INFORMATION_FORMAT = "dwarf-with-dsym";
				ENABLE_NS_ASSERTIONS = NO;
				ENABLE_STRICT_OBJC_MSGSEND = YES;
				GCC_C_LANGUAGE_STANDARD = gnu11;
				GCC_NO_COMMON_BLOCKS = YES;
				GCC_WARN_64_TO_32_BIT_CONVERSION = YES;
				GCC_WARN_ABOUT_RETURN_TYPE = YES_ERROR;
				GCC_WARN_UNDECLARED_SELECTOR = YES;
				GCC_WARN_UNINITIALIZED_AUTOS = YES_AGGRESSIVE;
				GCC_WARN_UNUSED_FUNCTION = YES;
				GCC_WARN_UNUSED_VARIABLE = YES;
				IPHONEOS_DEPLOYMENT_TARGET = 15.5;
				MTL_ENABLE_DEBUG_INFO = NO;
				MTL_FAST_MATH = YES;
				SDKROOT = iphoneos;
				SWIFT_COMPILATION_MODE = wholemodule;
				SWIFT_OPTIMIZATION_LEVEL = "-O";
				VALIDATE_PRODUCT = YES;
			};
			name = Release;
		};
		180BAC4D28EB2D360076F4B4 /* Debug */ = {
			isa = XCBuildConfiguration;
			baseConfigurationReference = 7F499EBEAF9070DD4AECD66D /* Pods-MasterMyProject.debug.xcconfig */;
			buildSettings = {
				ASSETCATALOG_COMPILER_APPICON_NAME = AppIcon;
				ASSETCATALOG_COMPILER_GLOBAL_ACCENT_COLOR_NAME = AccentColor;
				CODE_SIGN_STYLE = Automatic;
				CURRENT_PROJECT_VERSION = 1;
				DEVELOPMENT_TEAM = 3RP5JSDM9F;
				GENERATE_INFOPLIST_FILE = YES;
				INFOPLIST_FILE = MasterMyProject/Info.plist;
				INFOPLIST_KEY_CFBundleDisplayName = "Master My Project";
				INFOPLIST_KEY_UIApplicationSupportsIndirectInputEvents = YES;
				INFOPLIST_KEY_UILaunchStoryboardName = LaunchScreen;
				INFOPLIST_KEY_UIMainStoryboardFile = Main;
				INFOPLIST_KEY_UISupportedInterfaceOrientations_iPad = "UIInterfaceOrientationPortrait UIInterfaceOrientationPortraitUpsideDown UIInterfaceOrientationLandscapeLeft UIInterfaceOrientationLandscapeRight";
				INFOPLIST_KEY_UISupportedInterfaceOrientations_iPhone = "UIInterfaceOrientationPortrait UIInterfaceOrientationLandscapeLeft UIInterfaceOrientationLandscapeRight";
				IPHONEOS_DEPLOYMENT_TARGET = 13.0;
				LD_RUNPATH_SEARCH_PATHS = (
					"$(inherited)",
					"@executable_path/Frameworks",
				);
				MARKETING_VERSION = 1.0;
				PRODUCT_BUNDLE_IDENTIFIER = com.MasterProject.app.;
				PRODUCT_NAME = "$(TARGET_NAME)";
				SWIFT_EMIT_LOC_STRINGS = YES;
				SWIFT_VERSION = 5.0;
				TARGETED_DEVICE_FAMILY = "1,2";
			};
			name = Debug;
		};
		180BAC4E28EB2D360076F4B4 /* Release */ = {
			isa = XCBuildConfiguration;
			baseConfigurationReference = 796CD09B4BD2AD7797A651FE /* Pods-MasterMyProject.release.xcconfig */;
			buildSettings = {
				ASSETCATALOG_COMPILER_APPICON_NAME = AppIcon;
				ASSETCATALOG_COMPILER_GLOBAL_ACCENT_COLOR_NAME = AccentColor;
				CODE_SIGN_STYLE = Automatic;
				CURRENT_PROJECT_VERSION = 1;
				DEVELOPMENT_TEAM = 3RP5JSDM9F;
				GENERATE_INFOPLIST_FILE = YES;
				INFOPLIST_FILE = MasterMyProject/Info.plist;
				INFOPLIST_KEY_CFBundleDisplayName = "Master My Project";
				INFOPLIST_KEY_UIApplicationSupportsIndirectInputEvents = YES;
				INFOPLIST_KEY_UILaunchStoryboardName = LaunchScreen;
				INFOPLIST_KEY_UIMainStoryboardFile = Main;
				INFOPLIST_KEY_UISupportedInterfaceOrientations_iPad = "UIInterfaceOrientationPortrait UIInterfaceOrientationPortraitUpsideDown UIInterfaceOrientationLandscapeLeft UIInterfaceOrientationLandscapeRight";
				INFOPLIST_KEY_UISupportedInterfaceOrientations_iPhone = "UIInterfaceOrientationPortrait UIInterfaceOrientationLandscapeLeft UIInterfaceOrientationLandscapeRight";
				IPHONEOS_DEPLOYMENT_TARGET = 13.0;
				LD_RUNPATH_SEARCH_PATHS = (
					"$(inherited)",
					"@executable_path/Frameworks",
				);
				MARKETING_VERSION = 1.0;
				PRODUCT_BUNDLE_IDENTIFIER = com.MasterProject.app.;
				PRODUCT_NAME = "$(TARGET_NAME)";
				SWIFT_EMIT_LOC_STRINGS = YES;
				SWIFT_VERSION = 5.0;
				TARGETED_DEVICE_FAMILY = "1,2";
			};
			name = Release;
		};
		180BAC5028EB2D360076F4B4 /* Debug */ = {
			isa = XCBuildConfiguration;
			baseConfigurationReference = F41152B6F6BDE2B799579FA3 /* Pods-MasterMyProjectTests.debug.xcconfig */;
			buildSettings = {
				ALWAYS_EMBED_SWIFT_STANDARD_LIBRARIES = YES;
				BUNDLE_LOADER = "$(TEST_HOST)";
				CODE_SIGN_STYLE = Automatic;
				CURRENT_PROJECT_VERSION = 1;
				DEVELOPMENT_TEAM = 3RP5JSDM9F;
				GENERATE_INFOPLIST_FILE = YES;
				IPHONEOS_DEPLOYMENT_TARGET = 15.5;
				MARKETING_VERSION = 1.0;
				PRODUCT_BUNDLE_IDENTIFIER = com.MasterProject.app.MasterMyProjectTests;
				PRODUCT_NAME = "$(TARGET_NAME)";
				SWIFT_EMIT_LOC_STRINGS = NO;
				SWIFT_VERSION = 5.0;
				TARGETED_DEVICE_FAMILY = "1,2";
				TEST_HOST = "$(BUILT_PRODUCTS_DIR)/MasterMyProject.app/MasterMyProject";
			};
			name = Debug;
		};
		180BAC5128EB2D360076F4B4 /* Release */ = {
			isa = XCBuildConfiguration;
			baseConfigurationReference = 24A1A666F80169629FA4771F /* Pods-MasterMyProjectTests.release.xcconfig */;
			buildSettings = {
				ALWAYS_EMBED_SWIFT_STANDARD_LIBRARIES = YES;
				BUNDLE_LOADER = "$(TEST_HOST)";
				CODE_SIGN_STYLE = Automatic;
				CURRENT_PROJECT_VERSION = 1;
				DEVELOPMENT_TEAM = 3RP5JSDM9F;
				GENERATE_INFOPLIST_FILE = YES;
				IPHONEOS_DEPLOYMENT_TARGET = 15.5;
				MARKETING_VERSION = 1.0;
				PRODUCT_BUNDLE_IDENTIFIER = com.MasterProject.app.MasterMyProjectTests;
				PRODUCT_NAME = "$(TARGET_NAME)";
				SWIFT_EMIT_LOC_STRINGS = NO;
				SWIFT_VERSION = 5.0;
				TARGETED_DEVICE_FAMILY = "1,2";
				TEST_HOST = "$(BUILT_PRODUCTS_DIR)/MasterMyProject.app/MasterMyProject";
			};
			name = Release;
		};
		180BAC5328EB2D360076F4B4 /* Debug */ = {
			isa = XCBuildConfiguration;
			baseConfigurationReference = 3A393784DA0539E0EA5354BA /* Pods-MasterMyProject-MasterMyProjectUITests.debug.xcconfig */;
			buildSettings = {
				ALWAYS_EMBED_SWIFT_STANDARD_LIBRARIES = YES;
				CODE_SIGN_STYLE = Automatic;
				CURRENT_PROJECT_VERSION = 1;
				DEVELOPMENT_TEAM = 3RP5JSDM9F;
				GENERATE_INFOPLIST_FILE = YES;
				MARKETING_VERSION = 1.0;
				PRODUCT_BUNDLE_IDENTIFIER = com.MasterProject.app.MasterMyProjectUITests;
				PRODUCT_NAME = "$(TARGET_NAME)";
				SWIFT_EMIT_LOC_STRINGS = NO;
				SWIFT_VERSION = 5.0;
				TARGETED_DEVICE_FAMILY = "1,2";
				TEST_TARGET_NAME = MasterMyProject;
			};
			name = Debug;
		};
		180BAC5428EB2D360076F4B4 /* Release */ = {
			isa = XCBuildConfiguration;
			baseConfigurationReference = 8DABD0B1E78A1F5BF693B160 /* Pods-MasterMyProject-MasterMyProjectUITests.release.xcconfig */;
			buildSettings = {
				ALWAYS_EMBED_SWIFT_STANDARD_LIBRARIES = YES;
				CODE_SIGN_STYLE = Automatic;
				CURRENT_PROJECT_VERSION = 1;
				DEVELOPMENT_TEAM = 3RP5JSDM9F;
				GENERATE_INFOPLIST_FILE = YES;
				MARKETING_VERSION = 1.0;
				PRODUCT_BUNDLE_IDENTIFIER = com.MasterProject.app.MasterMyProjectUITests;
				PRODUCT_NAME = "$(TARGET_NAME)";
				SWIFT_EMIT_LOC_STRINGS = NO;
				SWIFT_VERSION = 5.0;
				TARGETED_DEVICE_FAMILY = "1,2";
				TEST_TARGET_NAME = MasterMyProject;
			};
			name = Release;
		};
/* End XCBuildConfiguration section */

/* Begin XCConfigurationList section */
		180BAC1D28EB2D340076F4B4 /* Build configuration list for PBXProject "MasterMyProject" */ = {
			isa = XCConfigurationList;
			buildConfigurations = (
				180BAC4A28EB2D360076F4B4 /* Debug */,
				180BAC4B28EB2D360076F4B4 /* Release */,
			);
			defaultConfigurationIsVisible = 0;
			defaultConfigurationName = Release;
		};
		180BAC4C28EB2D360076F4B4 /* Build configuration list for PBXNativeTarget "MasterMyProject" */ = {
			isa = XCConfigurationList;
			buildConfigurations = (
				180BAC4D28EB2D360076F4B4 /* Debug */,
				180BAC4E28EB2D360076F4B4 /* Release */,
			);
			defaultConfigurationIsVisible = 0;
			defaultConfigurationName = Release;
		};
		180BAC4F28EB2D360076F4B4 /* Build configuration list for PBXNativeTarget "MasterMyProjectTests" */ = {
			isa = XCConfigurationList;
			buildConfigurations = (
				180BAC5028EB2D360076F4B4 /* Debug */,
				180BAC5128EB2D360076F4B4 /* Release */,
			);
			defaultConfigurationIsVisible = 0;
			defaultConfigurationName = Release;
		};
		180BAC5228EB2D360076F4B4 /* Build configuration list for PBXNativeTarget "MasterMyProjectUITests" */ = {
			isa = XCConfigurationList;
			buildConfigurations = (
				180BAC5328EB2D360076F4B4 /* Debug */,
				180BAC5428EB2D360076F4B4 /* Release */,
			);
			defaultConfigurationIsVisible = 0;
			defaultConfigurationName = Release;
		};
/* End XCConfigurationList section */
	};
	rootObject = 180BAC1A28EB2D340076F4B4 /* Project object */;
}
