// !$*UTF8*$!
{
	archiveVersion = 1;
	classes = {
	};
	objectVersion = 55;
	objects = {

/* Begin PBXBuildFile section */
		180BAC2628EB2D340076F4B4 /* AppDelegate.swift in Sources */ = {isa = PBXBuildFile; fileRef = 180BAC2528EB2D340076F4B4 /* AppDelegate.swift */; };
		180BAC2828EB2D340076F4B4 /* SceneDelegate.swift in Sources */ = {isa = PBXBuildFile; fileRef = 180BAC2728EB2D340076F4B4 /* SceneDelegate.swift */; };
		180BAC2A28EB2D340076F4B4 /* ViewController.swift in Sources */ = {isa = PBXBuildFile; fileRef = 180BAC2928EB2D340076F4B4 /* ViewController.swift */; };
		180BAC2D28EB2D340076F4B4 /* Main.storyboard in Resources */ = {isa = PBXBuildFile; fileRef = 180BAC2B28EB2D340076F4B4 /* Main.storyboard */; };
		180BAC2F28EB2D360076F4B4 /* Assets.xcassets in Resources */ = {isa = PBXBuildFile; fileRef = 180BAC2E28EB2D360076F4B4 /* Assets.xcassets */; };
		180BAC3228EB2D360076F4B4 /* LaunchScreen.storyboard in Resources */ = {isa = PBXBuildFile; fileRef = 180BAC3028EB2D360076F4B4 /* LaunchScreen.storyboard */; };
		180BAC3D28EB2D360076F4B4 /* MasterMyProjectTests.swift in Sources */ = {isa = PBXBuildFile; fileRef = 180BAC3C28EB2D360076F4B4 /* MasterMyProjectTests.swift */; };
		180BAC4728EB2D360076F4B4 /* MasterMyProjectUITests.swift in Sources */ = {isa = PBXBuildFile; fileRef = 180BAC4628EB2D360076F4B4 /* MasterMyProjectUITests.swift */; };
		180BAC4928EB2D360076F4B4 /* MasterMyProjectUITestsLaunchTests.swift in Sources */ = {isa = PBXBuildFile; fileRef = 180BAC4828EB2D360076F4B4 /* MasterMyProjectUITestsLaunchTests.swift */; };
/* End PBXBuildFile section */

/* Begin PBXContainerItemProxy section */
		180BAC3928EB2D360076F4B4 /* PBXContainerItemProxy */ = {
			isa = PBXContainerItemProxy;
			containerPortal = 180BAC1A28EB2D340076F4B4 /* Project object */;
			proxyType = 1;
			remoteGlobalIDString = 180BAC2128EB2D340076F4B4;
			remoteInfo = MasterMyProject;
		};
		180BAC4328EB2D360076F4B4 /* PBXContainerItemProxy */ = {
			isa = PBXContainerItemProxy;
			containerPortal = 180BAC1A28EB2D340076F4B4 /* Project object */;
			proxyType = 1;
			remoteGlobalIDString = 180BAC2128EB2D340076F4B4;
			remoteInfo = MasterMyProject;
		};
/* End PBXContainerItemProxy section */

/* Begin PBXFileReference section */
		180BAC2228EB2D340076F4B4 /* MasterMyProject.app */ = {isa = PBXFileReference; explicitFileType = wrapper.application; includeInIndex = 0; path = MasterMyProject.app; sourceTree = BUILT_PRODUCTS_DIR; };
		180BAC2528EB2D340076F4B4 /* AppDelegate.swift */ = {isa = PBXFileReference; lastKnownFileType = sourcecode.swift; path = AppDelegate.swift; sourceTree = "<group>"; };
		180BAC2728EB2D340076F4B4 /* SceneDelegate.swift */ = {isa = PBXFileReference; lastKnownFileType = sourcecode.swift; path = SceneDelegate.swift; sourceTree = "<group>"; };
		180BAC2928EB2D340076F4B4 /* ViewController.swift */ = {isa = PBXFileReference; lastKnownFileType = sourcecode.swift; path = ViewController.swift; sourceTree = "<group>"; };
		180BAC2C28EB2D340076F4B4 /* Base */ = {isa = PBXFileReference; lastKnownFileType = file.storyboard; name = Base; path = Base.lproj/Main.storyboard; sourceTree = "<group>"; };
		180BAC2E28EB2D360076F4B4 /* Assets.xcassets */ = {isa = PBXFileReference; lastKnownFileType = folder.assetcatalog; path = Assets.xcassets; sourceTree = "<group>"; };
		180BAC3128EB2D360076F4B4 /* Base */ = {isa = PBXFileReference; lastKnownFileType = file.storyboard; name = Base; path = Base.lproj/LaunchScreen.storyboard; sourceTree = "<group>"; };
		180BAC3328EB2D360076F4B4 /* Info.plist */ = {isa = PBXFileReference; lastKnownFileType = text.plist.xml; path = Info.plist; sourceTree = "<group>"; };
		180BAC3828EB2D360076F4B4 /* MasterMyProjectTests.xctest */ = {isa = PBXFileReference; explicitFileType = wrapper.cfbundle; includeInIndex = 0; path = MasterMyProjectTests.xctest; sourceTree = BUILT_PRODUCTS_DIR; };
		180BAC3C28EB2D360076F4B4 /* MasterMyProjectTests.swift */ = {isa = PBXFileReference; lastKnownFileType = sourcecode.swift; path = MasterMyProjectTests.swift; sourceTree = "<group>"; };
		180BAC4228EB2D360076F4B4 /* MasterMyProjectUITests.xctest */ = {isa = PBXFileReference; explicitFileType = wrapper.cfbundle; includeInIndex = 0; path = MasterMyProjectUITests.xctest; sourceTree = BUILT_PRODUCTS_DIR; };
		180BAC4628EB2D360076F4B4 /* MasterMyProjectUITests.swift */ = {isa = PBXFileReference; lastKnownFileType = sourcecode.swift; path = MasterMyProjectUITests.swift; sourceTree = "<group>"; };
		180BAC4828EB2D360076F4B4 /* MasterMyProjectUITestsLaunchTests.swift */ = {isa = PBXFileReference; lastKnownFileType = sourcecode.swift; path = MasterMyProjectUITestsLaunchTests.swift; sourceTree = "<group>"; };
/* End PBXFileReference section */

/* Begin PBXFrameworksBuildPhase section */
		180BAC1F28EB2D340076F4B4 /* Frameworks */ = {
			isa = PBXFrameworksBuildPhase;
			buildActionMask = 2147483647;
			files = (
			);
			runOnlyForDeploymentPostprocessing = 0;
		};
		180BAC3528EB2D360076F4B4 /* Frameworks */ = {
			isa = PBXFrameworksBuildPhase;
			buildActionMask = 2147483647;
			files = (
			);
			runOnlyForDeploymentPostprocessing = 0;
		};
		180BAC3F28EB2D360076F4B4 /* Frameworks */ = {
			isa = PBXFrameworksBuildPhase;
			buildActionMask = 2147483647;
			files = (
			);
			runOnlyForDeploymentPostprocessing = 0;
		};
/* End PBXFrameworksBuildPhase section */

/* Begin PBXGroup section */
		180BAC1928EB2D340076F4B4 = {
			isa = PBXGroup;
			children = (
				180BAC2428EB2D340076F4B4 /* MasterMyProject */,
				180BAC3B28EB2D360076F4B4 /* MasterMyProjectTests */,
				180BAC4528EB2D360076F4B4 /* MasterMyProjectUITests */,
				180BAC2328EB2D340076F4B4 /* Products */,
			);
			sourceTree = "<group>";
		};
		180BAC2328EB2D340076F4B4 /* Products */ = {
			isa = PBXGroup;
			children = (
				180BAC2228EB2D340076F4B4 /* MasterMyProject.app */,
				180BAC3828EB2D360076F4B4 /* MasterMyProjectTests.xctest */,
				180BAC4228EB2D360076F4B4 /* MasterMyProjectUITests.xctest */,
			);
			name = Products;
			sourceTree = "<group>";
		};
		180BAC2428EB2D340076F4B4 /* MasterMyProject */ = {
			isa = PBXGroup;
			children = (
				180BAC2528EB2D340076F4B4 /* AppDelegate.swift */,
				180BAC2728EB2D340076F4B4 /* SceneDelegate.swift */,
				180BAC2928EB2D340076F4B4 /* ViewController.swift */,
				180BAC2B28EB2D340076F4B4 /* Main.storyboard */,
				180BAC2E28EB2D360076F4B4 /* Assets.xcassets */,
				180BAC3028EB2D360076F4B4 /* LaunchScreen.storyboard */,
				180BAC3328EB2D360076F4B4 /* Info.plist */,
			);
			path = MasterMyProject;
			sourceTree = "<group>";
		};
		180BAC3B28EB2D360076F4B4 /* MasterMyProjectTests */ = {
			isa = PBXGroup;
			children = (
				180BAC3C28EB2D360076F4B4 /* MasterMyProjectTests.swift */,
			);
			path = MasterMyProjectTests;
			sourceTree = "<group>";
		};
		180BAC4528EB2D360076F4B4 /* MasterMyProjectUITests */ = {
			isa = PBXGroup;
			children = (
				180BAC4628EB2D360076F4B4 /* MasterMyProjectUITests.swift */,
				180BAC4828EB2D360076F4B4 /* MasterMyProjectUITestsLaunchTests.swift */,
			);
			path = MasterMyProjectUITests;
			sourceTree = "<group>";
		};
/* End PBXGroup section */

/* Begin PBXNativeTarget section */
		180BAC2128EB2D340076F4B4 /* MasterMyProject */ = {
			isa = PBXNativeTarget;
			buildConfigurationList = 180BAC4C28EB2D360076F4B4 /* Build configuration list for PBXNativeTarget "MasterMyProject" */;
			buildPhases = (
				180BAC1E28EB2D340076F4B4 /* Sources */,
				180BAC1F28EB2D340076F4B4 /* Frameworks */,
				180BAC2028EB2D340076F4B4 /* Resources */,
			);
			buildRules = (
			);
			dependencies = (
			);
			name = MasterMyProject;
			productName = MasterMyProject;
			productReference = 180BAC2228EB2D340076F4B4 /* MasterMyProject.app */;
			productType = "com.apple.product-type.application";
		};
		180BAC3728EB2D360076F4B4 /* MasterMyProjectTests */ = {
			isa = PBXNativeTarget;
			buildConfigurationList = 180BAC4F28EB2D360076F4B4 /* Build configuration list for PBXNativeTarget "MasterMyProjectTests" */;
			buildPhases = (
				180BAC3428EB2D360076F4B4 /* Sources */,
				180BAC3528EB2D360076F4B4 /* Frameworks */,
				180BAC3628EB2D360076F4B4 /* Resources */,
			);
			buildRules = (
			);
			dependencies = (
				180BAC3A28EB2D360076F4B4 /* PBXTargetDependency */,
			);
			name = MasterMyProjectTests;
			productName = MasterMyProjectTests;
			productReference = 180BAC3828EB2D360076F4B4 /* MasterMyProjectTests.xctest */;
			productType = "com.apple.product-type.bundle.unit-test";
		};
		180BAC4128EB2D360076F4B4 /* MasterMyProjectUITests */ = {
			isa = PBXNativeTarget;
			buildConfigurationList = 180BAC5228EB2D360076F4B4 /* Build configuration list for PBXNativeTarget "MasterMyProjectUITests" */;
			buildPhases = (
				180BAC3E28EB2D360076F4B4 /* Sources */,
				180BAC3F28EB2D360076F4B4 /* Frameworks */,
				180BAC4028EB2D360076F4B4 /* Resources */,
			);
			buildRules = (
			);
			dependencies = (
				180BAC4428EB2D360076F4B4 /* PBXTargetDependency */,
			);
			name = MasterMyProjectUITests;
			productName = MasterMyProjectUITests;
			productReference = 180BAC4228EB2D360076F4B4 /* MasterMyProjectUITests.xctest */;
			productType = "com.apple.product-type.bundle.ui-testing";
		};
/* End PBXNativeTarget section */

/* Begin PBXProject section */
		180BAC1A28EB2D340076F4B4 /* Project object */ = {
			isa = PBXProject;
			attributes = {
				BuildIndependentTargetsInParallel = 1;
				LastSwiftUpdateCheck = 1340;
				LastUpgradeCheck = 1340;
				TargetAttributes = {
					180BAC2128EB2D340076F4B4 = {
						CreatedOnToolsVersion = 13.4.1;
					};
					180BAC3728EB2D360076F4B4 = {
						CreatedOnToolsVersion = 13.4.1;
						TestTargetID = 180BAC2128EB2D340076F4B4;
					};
					180BAC4128EB2D360076F4B4 = {
						CreatedOnToolsVersion = 13.4.1;
						TestTargetID = 180BAC2128EB2D340076F4B4;
					};
				};
			};
			buildConfigurationList = 180BAC1D28EB2D340076F4B4 /* Build configuration list for PBXProject "MasterMyProject" */;
			compatibilityVersion = "Xcode 13.0";
			developmentRegion = en;
			hasScannedForEncodings = 0;
			knownRegions = (
				en,
				Base,
			);
			mainGroup = 180BAC1928EB2D340076F4B4;
			productRefGroup = 180BAC2328EB2D340076F4B4 /* Products */;
			projectDirPath = "";
			projectRoot = "";
			targets = (
				180BAC2128EB2D340076F4B4 /* MasterMyProject */,
				180BAC3728EB2D360076F4B4 /* MasterMyProjectTests */,
				180BAC4128EB2D360076F4B4 /* MasterMyProjectUITests */,
			);
		};
/* End PBXProject section */

/* Begin PBXResourcesBuildPhase section */
		180BAC2028EB2D340076F4B4 /* Resources */ = {
			isa = PBXResourcesBuildPhase;
			buildActionMask = 2147483647;
			files = (
				180BAC3228EB2D360076F4B4 /* LaunchScreen.storyboard in Resources */,
				180BAC2F28EB2D360076F4B4 /* Assets.xcassets in Resources */,
				180BAC2D28EB2D340076F4B4 /* Main.storyboard in Resources */,
			);
			runOnlyForDeploymentPostprocessing = 0;
		};
		180BAC3628EB2D360076F4B4 /* Resources */ = {
			isa = PBXResourcesBuildPhase;
			buildActionMask = 2147483647;
			files = (
			);
			runOnlyForDeploymentPostprocessing = 0;
		};
		180BAC4028EB2D360076F4B4 /* Resources */ = {
			isa = PBXResourcesBuildPhase;
			buildActionMask = 2147483647;
			files = (
			);
			runOnlyForDeploymentPostprocessing = 0;
		};
/* End PBXResourcesBuildPhase section */

/* Begin PBXSourcesBuildPhase section */
		180BAC1E28EB2D340076F4B4 /* Sources */ = {
			isa = PBXSourcesBuildPhase;
			buildActionMask = 2147483647;
			files = (
				180BAC2A28EB2D340076F4B4 /* ViewController.swift in Sources */,
				180BAC2628EB2D340076F4B4 /* AppDelegate.swift in Sources */,
				180BAC2828EB2D340076F4B4 /* SceneDelegate.swift in Sources */,
			);
			runOnlyForDeploymentPostprocessing = 0;
		};
		180BAC3428EB2D360076F4B4 /* Sources */ = {
			isa = PBXSourcesBuildPhase;
			buildActionMask = 2147483647;
			files = (
				180BAC3D28EB2D360076F4B4 /* MasterMyProjectTests.swift in Sources */,
			);
			runOnlyForDeploymentPostprocessing = 0;
		};
		180BAC3E28EB2D360076F4B4 /* Sources */ = {
			isa = PBXSourcesBuildPhase;
			buildActionMask = 2147483647;
			files = (
				180BAC4928EB2D360076F4B4 /* MasterMyProjectUITestsLaunchTests.swift in Sources */,
				180BAC4728EB2D360076F4B4 /* MasterMyProjectUITests.swift in Sources */,
			);
			runOnlyForDeploymentPostprocessing = 0;
		};
/* End PBXSourcesBuildPhase section */

/* Begin PBXTargetDependency section */
		180BAC3A28EB2D360076F4B4 /* PBXTargetDependency */ = {
			isa = PBXTargetDependency;
			target = 180BAC2128EB2D340076F4B4 /* MasterMyProject */;
			targetProxy = 180BAC3928EB2D360076F4B4 /* PBXContainerItemProxy */;
		};
		180BAC4428EB2D360076F4B4 /* PBXTargetDependency */ = {
			isa = PBXTargetDependency;
			target = 180BAC2128EB2D340076F4B4 /* MasterMyProject */;
			targetProxy = 180BAC4328EB2D360076F4B4 /* PBXContainerItemProxy */;
		};
/* End PBXTargetDependency section */

/* Begin PBXVariantGroup section */
		180BAC2B28EB2D340076F4B4 /* Main.storyboard */ = {
			isa = PBXVariantGroup;
			children = (
				180BAC2C28EB2D340076F4B4 /* Base */,
			);
			name = Main.storyboard;
			sourceTree = "<group>";
		};
		180BAC3028EB2D360076F4B4 /* LaunchScreen.storyboard */ = {
			isa = PBXVariantGroup;
			children = (
				180BAC3128EB2D360076F4B4 /* Base */,
			);
			name = LaunchScreen.storyboard;
			sourceTree = "<group>";
		};
/* End PBXVariantGroup section */

/* Begin XCBuildConfiguration section */
		180BAC4A28EB2D360076F4B4 /* Debug */ = {
			isa = XCBuildConfiguration;
			buildSettings = {
				ALWAYS_SEARCH_USER_PATHS = NO;
				CLANG_ANALYZER_NONNULL = YES;
				CLANG_ANALYZER_NUMBER_OBJECT_CONVERSION = YES_AGGRESSIVE;
				CLANG_CXX_LANGUAGE_STANDARD = "gnu++17";
				CLANG_ENABLE_MODULES = YES;
				CLANG_ENABLE_OBJC_ARC = YES;
				CLANG_ENABLE_OBJC_WEAK = YES;
				CLANG_WARN_BLOCK_CAPTURE_AUTORELEASING = YES;
				CLANG_WARN_BOOL_CONVERSION = YES;
				CLANG_WARN_COMMA = YES;
				CLANG_WARN_CONSTANT_CONVERSION = YES;
				CLANG_WARN_DEPRECATED_OBJC_IMPLEMENTATIONS = YES;
				CLANG_WARN_DIRECT_OBJC_ISA_USAGE = YES_ERROR;
				CLANG_WARN_DOCUMENTATION_COMMENTS = YES;
				CLANG_WARN_EMPTY_BODY = YES;
				CLANG_WARN_ENUM_CONVERSION = YES;
				CLANG_WARN_INFINITE_RECURSION = YES;
				CLANG_WARN_INT_CONVERSION = YES;
				CLANG_WARN_NON_LITERAL_NULL_CONVERSION = YES;
				CLANG_WARN_OBJC_IMPLICIT_RETAIN_SELF = YES;
				CLANG_WARN_OBJC_LITERAL_CONVERSION = YES;
				CLANG_WARN_OBJC_ROOT_CLASS = YES_ERROR;
				CLANG_WARN_QUOTED_INCLUDE_IN_FRAMEWORK_HEADER = YES;
				CLANG_WARN_RANGE_LOOP_ANALYSIS = YES;
				CLANG_WARN_STRICT_PROTOTYPES = YES;
				CLANG_WARN_SUSPICIOUS_MOVE = YES;
				CLANG_WARN_UNGUARDED_AVAILABILITY = YES_AGGRESSIVE;
				CLANG_WARN_UNREACHABLE_CODE = YES;
				CLANG_WARN__DUPLICATE_METHOD_MATCH = YES;
				COPY_PHASE_STRIP = NO;
				DEBUG_INFORMATION_FORMAT = dwarf;
				ENABLE_STRICT_OBJC_MSGSEND = YES;
				ENABLE_TESTABILITY = YES;
				GCC_C_LANGUAGE_STANDARD = gnu11;
				GCC_DYNAMIC_NO_PIC = NO;
				GCC_NO_COMMON_BLOCKS = YES;
				GCC_OPTIMIZATION_LEVEL = 0;
				GCC_PREPROCESSOR_DEFINITIONS = (
					"DEBUG=1",
					"$(inherited)",
				);
				GCC_WARN_64_TO_32_BIT_CONVERSION = YES;
				GCC_WARN_ABOUT_RETURN_TYPE = YES_ERROR;
				GCC_WARN_UNDECLARED_SELECTOR = YES;
				GCC_WARN_UNINITIALIZED_AUTOS = YES_AGGRESSIVE;
				GCC_WARN_UNUSED_FUNCTION = YES;
				GCC_WARN_UNUSED_VARIABLE = YES;
				IPHONEOS_DEPLOYMENT_TARGET = 15.5;
				MTL_ENABLE_DEBUG_INFO = INCLUDE_SOURCE;
				MTL_FAST_MATH = YES;
				ONLY_ACTIVE_ARCH = YES;
				SDKROOT = iphoneos;
				SWIFT_ACTIVE_COMPILATION_CONDITIONS = DEBUG;
				SWIFT_OPTIMIZATION_LEVEL = "-Onone";
			};
			name = Debug;
		};
		180BAC4B28EB2D360076F4B4 /* Release */ = {
			isa = XCBuildConfiguration;
			buildSettings = {
				ALWAYS_SEARCH_USER_PATHS = NO;
				CLANG_ANALYZER_NONNULL = YES;
				CLANG_ANALYZER_NUMBER_OBJECT_CONVERSION = YES_AGGRESSIVE;
				CLANG_CXX_LANGUAGE_STANDARD = "gnu++17";
				CLANG_ENABLE_MODULES = YES;
				CLANG_ENABLE_OBJC_ARC = YES;
				CLANG_ENABLE_OBJC_WEAK = YES;
				CLANG_WARN_BLOCK_CAPTURE_AUTORELEASING = YES;
				CLANG_WARN_BOOL_CONVERSION = YES;
				CLANG_WARN_COMMA = YES;
				CLANG_WARN_CONSTANT_CONVERSION = YES;
				CLANG_WARN_DEPRECATED_OBJC_IMPLEMENTATIONS = YES;
				CLANG_WARN_DIRECT_OBJC_ISA_USAGE = YES_ERROR;
				CLANG_WARN_DOCUMENTATION_COMMENTS = YES;
				CLANG_WARN_EMPTY_BODY = YES;
				CLANG_WARN_ENUM_CONVERSION = YES;
				CLANG_WARN_INFINITE_RECURSION = YES;
				CLANG_WARN_INT_CONVERSION = YES;
				CLANG_WARN_NON_LITERAL_NULL_CONVERSION = YES;
				CLANG_WARN_OBJC_IMPLICIT_RETAIN_SELF = YES;
				CLANG_WARN_OBJC_LITERAL_CONVERSION = YES;
				CLANG_WARN_OBJC_ROOT_CLASS = YES_ERROR;
				CLANG_WARN_QUOTED_INCLUDE_IN_FRAMEWORK_HEADER = YES;
				CLANG_WARN_RANGE_LOOP_ANALYSIS = YES;
				CLANG_WARN_STRICT_PROTOTYPES = YES;
				CLANG_WARN_SUSPICIOUS_MOVE = YES;
				CLANG_WARN_UNGUARDED_AVAILABILITY = YES_AGGRESSIVE;
				CLANG_WARN_UNREACHABLE_CODE = YES;
				CLANG_WARN__DUPLICATE_METHOD_MATCH = YES;
				COPY_PHASE_STRIP = NO;
				DEBUG_INFORMATION_FORMAT = "dwarf-with-dsym";
				ENABLE_NS_ASSERTIONS = NO;
				ENABLE_STRICT_OBJC_MSGSEND = YES;
				GCC_C_LANGUAGE_STANDARD = gnu11;
				GCC_NO_COMMON_BLOCKS = YES;
				GCC_WARN_64_TO_32_BIT_CONVERSION = YES;
				GCC_WARN_ABOUT_RETURN_TYPE = YES_ERROR;
				GCC_WARN_UNDECLARED_SELECTOR = YES;
				GCC_WARN_UNINITIALIZED_AUTOS = YES_AGGRESSIVE;
				GCC_WARN_UNUSED_FUNCTION = YES;
				GCC_WARN_UNUSED_VARIABLE = YES;
				IPHONEOS_DEPLOYMENT_TARGET = 15.5;
				MTL_ENABLE_DEBUG_INFO = NO;
				MTL_FAST_MATH = YES;
				SDKROOT = iphoneos;
				SWIFT_COMPILATION_MODE = wholemodule;
				SWIFT_OPTIMIZATION_LEVEL = "-O";
				VALIDATE_PRODUCT = YES;
			};
			name = Release;
		};
		180BAC4D28EB2D360076F4B4 /* Debug */ = {
			isa = XCBuildConfiguration;
			buildSettings = {
				ASSETCATALOG_COMPILER_APPICON_NAME = AppIcon;
				ASSETCATALOG_COMPILER_GLOBAL_ACCENT_COLOR_NAME = AccentColor;
				CODE_SIGN_STYLE = Automatic;
				CURRENT_PROJECT_VERSION = 1;
				DEVELOPMENT_TEAM = 3RP5JSDM9F;
				GENERATE_INFOPLIST_FILE = YES;
				INFOPLIST_FILE = MasterMyProject/Info.plist;
				INFOPLIST_KEY_UIApplicationSupportsIndirectInputEvents = YES;
				INFOPLIST_KEY_UILaunchStoryboardName = LaunchScreen;
				INFOPLIST_KEY_UIMainStoryboardFile = Main;
				INFOPLIST_KEY_UISupportedInterfaceOrientations_iPad = "UIInterfaceOrientationPortrait UIInterfaceOrientationPortraitUpsideDown UIInterfaceOrientationLandscapeLeft UIInterfaceOrientationLandscapeRight";
				INFOPLIST_KEY_UISupportedInterfaceOrientations_iPhone = "UIInterfaceOrientationPortrait UIInterfaceOrientationLandscapeLeft UIInterfaceOrientationLandscapeRight";
				LD_RUNPATH_SEARCH_PATHS = (
					"$(inherited)",
					"@executable_path/Frameworks",
				);
				MARKETING_VERSION = 1.0;
				PRODUCT_BUNDLE_IDENTIFIER = com.MasterProject.app.MasterMyProject;
				PRODUCT_NAME = "$(TARGET_NAME)";
				SWIFT_EMIT_LOC_STRINGS = YES;
				SWIFT_VERSION = 5.0;
				TARGETED_DEVICE_FAMILY = "1,2";
			};
			name = Debug;
		};
		180BAC4E28EB2D360076F4B4 /* Release */ = {
			isa = XCBuildConfiguration;
			buildSettings = {
				ASSETCATALOG_COMPILER_APPICON_NAME = AppIcon;
				ASSETCATALOG_COMPILER_GLOBAL_ACCENT_COLOR_NAME = AccentColor;
				CODE_SIGN_STYLE = Automatic;
				CURRENT_PROJECT_VERSION = 1;
				DEVELOPMENT_TEAM = 3RP5JSDM9F;
				GENERATE_INFOPLIST_FILE = YES;
				INFOPLIST_FILE = MasterMyProject/Info.plist;
				INFOPLIST_KEY_UIApplicationSupportsIndirectInputEvents = YES;
				INFOPLIST_KEY_UILaunchStoryboardName = LaunchScreen;
				INFOPLIST_KEY_UIMainStoryboardFile = Main;
				INFOPLIST_KEY_UISupportedInterfaceOrientations_iPad = "UIInterfaceOrientationPortrait UIInterfaceOrientationPortraitUpsideDown UIInterfaceOrientationLandscapeLeft UIInterfaceOrientationLandscapeRight";
				INFOPLIST_KEY_UISupportedInterfaceOrientations_iPhone = "UIInterfaceOrientationPortrait UIInterfaceOrientationLandscapeLeft UIInterfaceOrientationLandscapeRight";
				LD_RUNPATH_SEARCH_PATHS = (
					"$(inherited)",
					"@executable_path/Frameworks",
				);
				MARKETING_VERSION = 1.0;
				PRODUCT_BUNDLE_IDENTIFIER = com.MasterProject.app.MasterMyProject;
				PRODUCT_NAME = "$(TARGET_NAME)";
				SWIFT_EMIT_LOC_STRINGS = YES;
				SWIFT_VERSION = 5.0;
				TARGETED_DEVICE_FAMILY = "1,2";
			};
			name = Release;
		};
		180BAC5028EB2D360076F4B4 /* Debug */ = {
			isa = XCBuildConfiguration;
			buildSettings = {
				ALWAYS_EMBED_SWIFT_STANDARD_LIBRARIES = YES;
				BUNDLE_LOADER = "$(TEST_HOST)";
				CODE_SIGN_STYLE = Automatic;
				CURRENT_PROJECT_VERSION = 1;
				DEVELOPMENT_TEAM = 3RP5JSDM9F;
				GENERATE_INFOPLIST_FILE = YES;
				IPHONEOS_DEPLOYMENT_TARGET = 15.5;
				MARKETING_VERSION = 1.0;
				PRODUCT_BUNDLE_IDENTIFIER = com.MasterProject.app.MasterMyProjectTests;
				PRODUCT_NAME = "$(TARGET_NAME)";
				SWIFT_EMIT_LOC_STRINGS = NO;
				SWIFT_VERSION = 5.0;
				TARGETED_DEVICE_FAMILY = "1,2";
				TEST_HOST = "$(BUILT_PRODUCTS_DIR)/MasterMyProject.app/MasterMyProject";
			};
			name = Debug;
		};
		180BAC5128EB2D360076F4B4 /* Release */ = {
			isa = XCBuildConfiguration;
			buildSettings = {
				ALWAYS_EMBED_SWIFT_STANDARD_LIBRARIES = YES;
				BUNDLE_LOADER = "$(TEST_HOST)";
				CODE_SIGN_STYLE = Automatic;
				CURRENT_PROJECT_VERSION = 1;
				DEVELOPMENT_TEAM = 3RP5JSDM9F;
				GENERATE_INFOPLIST_FILE = YES;
				IPHONEOS_DEPLOYMENT_TARGET = 15.5;
				MARKETING_VERSION = 1.0;
				PRODUCT_BUNDLE_IDENTIFIER = com.MasterProject.app.MasterMyProjectTests;
				PRODUCT_NAME = "$(TARGET_NAME)";
				SWIFT_EMIT_LOC_STRINGS = NO;
				SWIFT_VERSION = 5.0;
				TARGETED_DEVICE_FAMILY = "1,2";
				TEST_HOST = "$(BUILT_PRODUCTS_DIR)/MasterMyProject.app/MasterMyProject";
			};
			name = Release;
		};
		180BAC5328EB2D360076F4B4 /* Debug */ = {
			isa = XCBuildConfiguration;
			buildSettings = {
				ALWAYS_EMBED_SWIFT_STANDARD_LIBRARIES = YES;
				CODE_SIGN_STYLE = Automatic;
				CURRENT_PROJECT_VERSION = 1;
				DEVELOPMENT_TEAM = 3RP5JSDM9F;
				GENERATE_INFOPLIST_FILE = YES;
				MARKETING_VERSION = 1.0;
				PRODUCT_BUNDLE_IDENTIFIER = com.MasterProject.app.MasterMyProjectUITests;
				PRODUCT_NAME = "$(TARGET_NAME)";
				SWIFT_EMIT_LOC_STRINGS = NO;
				SWIFT_VERSION = 5.0;
				TARGETED_DEVICE_FAMILY = "1,2";
				TEST_TARGET_NAME = MasterMyProject;
			};
			name = Debug;
		};
		180BAC5428EB2D360076F4B4 /* Release */ = {
			isa = XCBuildConfiguration;
			buildSettings = {
				ALWAYS_EMBED_SWIFT_STANDARD_LIBRARIES = YES;
				CODE_SIGN_STYLE = Automatic;
				CURRENT_PROJECT_VERSION = 1;
				DEVELOPMENT_TEAM = 3RP5JSDM9F;
				GENERATE_INFOPLIST_FILE = YES;
				MARKETING_VERSION = 1.0;
				PRODUCT_BUNDLE_IDENTIFIER = com.MasterProject.app.MasterMyProjectUITests;
				PRODUCT_NAME = "$(TARGET_NAME)";
				SWIFT_EMIT_LOC_STRINGS = NO;
				SWIFT_VERSION = 5.0;
				TARGETED_DEVICE_FAMILY = "1,2";
				TEST_TARGET_NAME = MasterMyProject;
			};
			name = Release;
		};
/* End XCBuildConfiguration section */

/* Begin XCConfigurationList section */
		180BAC1D28EB2D340076F4B4 /* Build configuration list for PBXProject "MasterMyProject" */ = {
			isa = XCConfigurationList;
			buildConfigurations = (
				180BAC4A28EB2D360076F4B4 /* Debug */,
				180BAC4B28EB2D360076F4B4 /* Release */,
			);
			defaultConfigurationIsVisible = 0;
			defaultConfigurationName = Release;
		};
		180BAC4C28EB2D360076F4B4 /* Build configuration list for PBXNativeTarget "MasterMyProject" */ = {
			isa = XCConfigurationList;
			buildConfigurations = (
				180BAC4D28EB2D360076F4B4 /* Debug */,
				180BAC4E28EB2D360076F4B4 /* Release */,
			);
			defaultConfigurationIsVisible = 0;
			defaultConfigurationName = Release;
		};
		180BAC4F28EB2D360076F4B4 /* Build configuration list for PBXNativeTarget "MasterMyProjectTests" */ = {
			isa = XCConfigurationList;
			buildConfigurations = (
				180BAC5028EB2D360076F4B4 /* Debug */,
				180BAC5128EB2D360076F4B4 /* Release */,
			);
			defaultConfigurationIsVisible = 0;
			defaultConfigurationName = Release;
		};
		180BAC5228EB2D360076F4B4 /* Build configuration list for PBXNativeTarget "MasterMyProjectUITests" */ = {
			isa = XCConfigurationList;
			buildConfigurations = (
				180BAC5328EB2D360076F4B4 /* Debug */,
				180BAC5428EB2D360076F4B4 /* Release */,
			);
			defaultConfigurationIsVisible = 0;
			defaultConfigurationName = Release;
		};
/* End XCConfigurationList section */
	};
	rootObject = 180BAC1A28EB2D340076F4B4 /* Project object */;
}
